
Microsoft Visual Studio Solution File, Format Version 12.00
# Visual Studio 2013
VisualStudioVersion = 12.0.30501.0
MinimumVisualStudioVersion = 10.0.40219.1
Project("{FAE04EC0-301F-11D3-BF4B-00C04F79EFBC}") = "ProfileImage", "ProfileImage\ProfileImage.csproj", "{A740D772-03EB-4D90-AA3E-96A5BFC8A277}"
EndProject
Global
	GlobalSection(SolutionConfigurationPlatforms) = preSolution
		Debug|Any CPU = Debug|Any CPU
		Release|Any CPU = Release|Any CPU
	EndGlobalSection
	GlobalSection(ProjectConfigurationPlatforms) = postSolution
		{A740D772-03EB-4D90-AA3E-96A5BFC8A277}.Debug|Any CPU.ActiveCfg = Debug|Any CPU
		{A740D772-03EB-4D90-AA3E-96A5BFC8A277}.Debug|Any CPU.Build.0 = Debug|Any CPU
		{A740D772-03EB-4D90-AA3E-96A5BFC8A277}.Release|Any CPU.ActiveCfg = Release|Any CPU
		{A740D772-03EB-4D90-AA3E-96A5BFC8A277}.Release|Any CPU.Build.0 = Release|Any CPU
	EndGlobalSection
	GlobalSection(SolutionProperties) = preSolution
		HideSolutionNode = FALSE
	EndGlobalSection
EndGlobal
